
Microsoft Visual Studio Solution File, Format Version 12.00
# Visual Studio Version 17
VisualStudioVersion = 17.3.32901.215
MinimumVisualStudioVersion = 10.0.40219.1
Project("{FAE04EC0-301F-11D3-BF4B-00C04F79EFBC}") = "p2-aoi", "p2-aoi\p2-aoi.csproj", "{307AD075-9EDF-438E-972A-80F3894EF097}"
EndProject
Global
	GlobalSection(SolutionConfigurationPlatforms) = preSolution
		Debug|Any CPU = Debug|Any CPU
		Release|Any CPU = Release|Any CPU
	EndGlobalSection
	GlobalSection(ProjectConfigurationPlatforms) = postSolution
		{307AD075-9EDF-438E-972A-80F3894EF097}.Debug|Any CPU.ActiveCfg = Debug|Any CPU
		{307AD075-9EDF-438E-972A-80F3894EF097}.Debug|Any CPU.Build.0 = Debug|Any CPU
		{307AD075-9EDF-438E-972A-80F3894EF097}.Release|Any CPU.ActiveCfg = Release|Any CPU
		{307AD075-9EDF-438E-972A-80F3894EF097}.Release|Any CPU.Build.0 = Release|Any CPU
	EndGlobalSection
	GlobalSection(SolutionProperties) = preSolution
		HideSolutionNode = FALSE
	EndGlobalSection
	GlobalSection(ExtensibilityGlobals) = postSolution
		SolutionGuid = {C130D3B6-2330-4C43-9A12-5D64D4C300B4}
	EndGlobalSection
EndGlobal
